
Microsoft Visual Studio Solution File, Format Version 11.00
# Visual Studio 2010
Project("{FAE04EC0-301F-11D3-BF4B-00C04F79EFBC}") = "Assembly-CSharp", "Assembly-CSharp.csproj", "{6A8167CD-5EE2-6F3F-045C-DCF632D4DEAB}"
EndProject
Project("{FAE04EC0-301F-11D3-BF4B-00C04F79EFBC}") = "Assembly-CSharp-Editor", "Assembly-CSharp-Editor.csproj", "{B70E02AF-D16F-4A31-E912-EBBE9DC4281F}"
EndProject
Project("{FAE04EC0-301F-11D3-BF4B-00C04F79EFBC}") = "TapDBSDK.Editor", "TapDBSDK.Editor.csproj", "{BC82964A-F2AA-35F2-6F67-8CDE73316639}"
EndProject
Project("{FAE04EC0-301F-11D3-BF4B-00C04F79EFBC}") = "TapMomentSDK.Editor", "TapMomentSDK.Editor.csproj", "{39EAF064-F3E0-E246-1A5A-EA29A8AD04B8}"
EndProject
Project("{FAE04EC0-301F-11D3-BF4B-00C04F79EFBC}") = "TapCommonSDK.Editor", "TapCommonSDK.Editor.csproj", "{D47097CC-96F1-956F-A0A4-F6CC20E99859}"
EndProject
Project("{FAE04EC0-301F-11D3-BF4B-00C04F79EFBC}") = "TapLoginSDK.Editor", "TapLoginSDK.Editor.csproj", "{098035E8-F5D9-BDE4-C4F6-86AB5C02E983}"
EndProject
Project("{FAE04EC0-301F-11D3-BF4B-00C04F79EFBC}") = "TapBootstrapSDK.Editor", "TapBootstrapSDK.Editor.csproj", "{F368A551-2E63-6385-D80F-B3F5919B336E}"
EndProject
Global
	GlobalSection(SolutionConfigurationPlatforms) = preSolution
		Debug|Any CPU = Debug|Any CPU
		Release|Any CPU = Release|Any CPU
	EndGlobalSection
	GlobalSection(ProjectConfigurationPlatforms) = postSolution
		{6A8167CD-5EE2-6F3F-045C-DCF632D4DEAB}.Debug|Any CPU.ActiveCfg = Debug|Any CPU
		{6A8167CD-5EE2-6F3F-045C-DCF632D4DEAB}.Debug|Any CPU.Build.0 = Debug|Any CPU
		{6A8167CD-5EE2-6F3F-045C-DCF632D4DEAB}.Release|Any CPU.ActiveCfg = Release|Any CPU
		{6A8167CD-5EE2-6F3F-045C-DCF632D4DEAB}.Release|Any CPU.Build.0 = Release|Any CPU
		{B70E02AF-D16F-4A31-E912-EBBE9DC4281F}.Debug|Any CPU.ActiveCfg = Debug|Any CPU
		{B70E02AF-D16F-4A31-E912-EBBE9DC4281F}.Debug|Any CPU.Build.0 = Debug|Any CPU
		{B70E02AF-D16F-4A31-E912-EBBE9DC4281F}.Release|Any CPU.ActiveCfg = Release|Any CPU
		{B70E02AF-D16F-4A31-E912-EBBE9DC4281F}.Release|Any CPU.Build.0 = Release|Any CPU
		{BC82964A-F2AA-35F2-6F67-8CDE73316639}.Debug|Any CPU.ActiveCfg = Debug|Any CPU
		{BC82964A-F2AA-35F2-6F67-8CDE73316639}.Debug|Any CPU.Build.0 = Debug|Any CPU
		{BC82964A-F2AA-35F2-6F67-8CDE73316639}.Release|Any CPU.ActiveCfg = Release|Any CPU
		{BC82964A-F2AA-35F2-6F67-8CDE73316639}.Release|Any CPU.Build.0 = Release|Any CPU
		{39EAF064-F3E0-E246-1A5A-EA29A8AD04B8}.Debug|Any CPU.ActiveCfg = Debug|Any CPU
		{39EAF064-F3E0-E246-1A5A-EA29A8AD04B8}.Debug|Any CPU.Build.0 = Debug|Any CPU
		{39EAF064-F3E0-E246-1A5A-EA29A8AD04B8}.Release|Any CPU.ActiveCfg = Release|Any CPU
		{39EAF064-F3E0-E246-1A5A-EA29A8AD04B8}.Release|Any CPU.Build.0 = Release|Any CPU
		{D47097CC-96F1-956F-A0A4-F6CC20E99859}.Debug|Any CPU.ActiveCfg = Debug|Any CPU
		{D47097CC-96F1-956F-A0A4-F6CC20E99859}.Debug|Any CPU.Build.0 = Debug|Any CPU
		{D47097CC-96F1-956F-A0A4-F6CC20E99859}.Release|Any CPU.ActiveCfg = Release|Any CPU
		{D47097CC-96F1-956F-A0A4-F6CC20E99859}.Release|Any CPU.Build.0 = Release|Any CPU
		{098035E8-F5D9-BDE4-C4F6-86AB5C02E983}.Debug|Any CPU.ActiveCfg = Debug|Any CPU
		{098035E8-F5D9-BDE4-C4F6-86AB5C02E983}.Debug|Any CPU.Build.0 = Debug|Any CPU
		{098035E8-F5D9-BDE4-C4F6-86AB5C02E983}.Release|Any CPU.ActiveCfg = Release|Any CPU
		{098035E8-F5D9-BDE4-C4F6-86AB5C02E983}.Release|Any CPU.Build.0 = Release|Any CPU
		{F368A551-2E63-6385-D80F-B3F5919B336E}.Debug|Any CPU.ActiveCfg = Debug|Any CPU
		{F368A551-2E63-6385-D80F-B3F5919B336E}.Debug|Any CPU.Build.0 = Debug|Any CPU
		{F368A551-2E63-6385-D80F-B3F5919B336E}.Release|Any CPU.ActiveCfg = Release|Any CPU
		{F368A551-2E63-6385-D80F-B3F5919B336E}.Release|Any CPU.Build.0 = Release|Any CPU
	EndGlobalSection
	GlobalSection(SolutionProperties) = preSolution
		HideSolutionNode = FALSE
	EndGlobalSection
	GlobalSection(MonoDevelopProperties) = preSolution
		StartupItem = Assembly-CSharp.csproj
	EndGlobalSection
EndGlobal
