
Microsoft Visual Studio Solution File, Format Version 11.00
# Visual Studio 2010
Project("{FAE04EC0-301F-11D3-BF4B-00C04F79EFBC}") = "Assembly-CSharp", "Assembly-CSharp.csproj", "{2328198A-C518-D88F-95E2-C88FDCE48C09}"
EndProject
Project("{FAE04EC0-301F-11D3-BF4B-00C04F79EFBC}") = "Assembly-CSharp-Editor", "Assembly-CSharp-Editor.csproj", "{659239D3-23B3-8FA9-34FF-871CF5692BCC}"
EndProject
Project("{FAE04EC0-301F-11D3-BF4B-00C04F79EFBC}") = "TapDB.Editor", "TapDB.Editor.csproj", "{9D85A63C-5913-B253-6E07-12E9B6906FAB}"
EndProject
Project("{FAE04EC0-301F-11D3-BF4B-00C04F79EFBC}") = "TapMoment.Editor", "TapMoment.Editor.csproj", "{F7973942-CEDD-753F-2122-DE4C56E4664B}"
EndProject
Project("{FAE04EC0-301F-11D3-BF4B-00C04F79EFBC}") = "TapCommon.Editor", "TapCommon.Editor.csproj", "{6D0E8B54-8B58-1F47-4611-400A9E6A41AA}"
EndProject
Project("{FAE04EC0-301F-11D3-BF4B-00C04F79EFBC}") = "TapLogin.Editor", "TapLogin.Editor.csproj", "{616882D3-D08F-B013-4F5D-3F19E3D54D30}"
EndProject
Project("{FAE04EC0-301F-11D3-BF4B-00C04F79EFBC}") = "TapBootstrap.Editor", "TapBootstrap.Editor.csproj", "{2465E920-6EF5-CE9E-29BF-2E47C43E7BB4}"
EndProject
Global
	GlobalSection(SolutionConfigurationPlatforms) = preSolution
		Debug|Any CPU = Debug|Any CPU
		Release|Any CPU = Release|Any CPU
	EndGlobalSection
	GlobalSection(ProjectConfigurationPlatforms) = postSolution
		{2328198A-C518-D88F-95E2-C88FDCE48C09}.Debug|Any CPU.ActiveCfg = Debug|Any CPU
		{2328198A-C518-D88F-95E2-C88FDCE48C09}.Debug|Any CPU.Build.0 = Debug|Any CPU
		{2328198A-C518-D88F-95E2-C88FDCE48C09}.Release|Any CPU.ActiveCfg = Release|Any CPU
		{2328198A-C518-D88F-95E2-C88FDCE48C09}.Release|Any CPU.Build.0 = Release|Any CPU
		{659239D3-23B3-8FA9-34FF-871CF5692BCC}.Debug|Any CPU.ActiveCfg = Debug|Any CPU
		{659239D3-23B3-8FA9-34FF-871CF5692BCC}.Debug|Any CPU.Build.0 = Debug|Any CPU
		{659239D3-23B3-8FA9-34FF-871CF5692BCC}.Release|Any CPU.ActiveCfg = Release|Any CPU
		{659239D3-23B3-8FA9-34FF-871CF5692BCC}.Release|Any CPU.Build.0 = Release|Any CPU
		{9D85A63C-5913-B253-6E07-12E9B6906FAB}.Debug|Any CPU.ActiveCfg = Debug|Any CPU
		{9D85A63C-5913-B253-6E07-12E9B6906FAB}.Debug|Any CPU.Build.0 = Debug|Any CPU
		{9D85A63C-5913-B253-6E07-12E9B6906FAB}.Release|Any CPU.ActiveCfg = Release|Any CPU
		{9D85A63C-5913-B253-6E07-12E9B6906FAB}.Release|Any CPU.Build.0 = Release|Any CPU
		{F7973942-CEDD-753F-2122-DE4C56E4664B}.Debug|Any CPU.ActiveCfg = Debug|Any CPU
		{F7973942-CEDD-753F-2122-DE4C56E4664B}.Debug|Any CPU.Build.0 = Debug|Any CPU
		{F7973942-CEDD-753F-2122-DE4C56E4664B}.Release|Any CPU.ActiveCfg = Release|Any CPU
		{F7973942-CEDD-753F-2122-DE4C56E4664B}.Release|Any CPU.Build.0 = Release|Any CPU
		{6D0E8B54-8B58-1F47-4611-400A9E6A41AA}.Debug|Any CPU.ActiveCfg = Debug|Any CPU
		{6D0E8B54-8B58-1F47-4611-400A9E6A41AA}.Debug|Any CPU.Build.0 = Debug|Any CPU
		{6D0E8B54-8B58-1F47-4611-400A9E6A41AA}.Release|Any CPU.ActiveCfg = Release|Any CPU
		{6D0E8B54-8B58-1F47-4611-400A9E6A41AA}.Release|Any CPU.Build.0 = Release|Any CPU
		{616882D3-D08F-B013-4F5D-3F19E3D54D30}.Debug|Any CPU.ActiveCfg = Debug|Any CPU
		{616882D3-D08F-B013-4F5D-3F19E3D54D30}.Debug|Any CPU.Build.0 = Debug|Any CPU
		{616882D3-D08F-B013-4F5D-3F19E3D54D30}.Release|Any CPU.ActiveCfg = Release|Any CPU
		{616882D3-D08F-B013-4F5D-3F19E3D54D30}.Release|Any CPU.Build.0 = Release|Any CPU
		{2465E920-6EF5-CE9E-29BF-2E47C43E7BB4}.Debug|Any CPU.ActiveCfg = Debug|Any CPU
		{2465E920-6EF5-CE9E-29BF-2E47C43E7BB4}.Debug|Any CPU.Build.0 = Debug|Any CPU
		{2465E920-6EF5-CE9E-29BF-2E47C43E7BB4}.Release|Any CPU.ActiveCfg = Release|Any CPU
		{2465E920-6EF5-CE9E-29BF-2E47C43E7BB4}.Release|Any CPU.Build.0 = Release|Any CPU
	EndGlobalSection
	GlobalSection(SolutionProperties) = preSolution
		HideSolutionNode = FALSE
	EndGlobalSection
	GlobalSection(MonoDevelopProperties) = preSolution
		StartupItem = Assembly-CSharp.csproj
	EndGlobalSection
EndGlobal
