
Microsoft Visual Studio Solution File, Format Version 12.00
Project("{FAE04EC0-301F-11D3-BF4B-00C04F79EFBC}") = "TapCommonSDK", "TapCommonSDK.csproj", "{5C2D22B1-476B-4BCD-86D0-7FD5DD4531A9}"
EndProject
Global
	GlobalSection(SolutionConfigurationPlatforms) = preSolution
		Debug|Any CPU = Debug|Any CPU
		Release|Any CPU = Release|Any CPU
		IOS|Any CPU = IOS|Any CPU
	EndGlobalSection
	GlobalSection(ProjectConfigurationPlatforms) = postSolution
		{5C2D22B1-476B-4BCD-86D0-7FD5DD4531A9}.Debug|Any CPU.ActiveCfg = Debug|Any CPU
		{5C2D22B1-476B-4BCD-86D0-7FD5DD4531A9}.Debug|Any CPU.Build.0 = Debug|Any CPU
		{5C2D22B1-476B-4BCD-86D0-7FD5DD4531A9}.Release|Any CPU.ActiveCfg = Release|Any CPU
		{5C2D22B1-476B-4BCD-86D0-7FD5DD4531A9}.Release|Any CPU.Build.0 = Release|Any CPU
		{5C2D22B1-476B-4BCD-86D0-7FD5DD4531A9}.IOS|Any CPU.ActiveCfg = IOS|Any CPU
		{5C2D22B1-476B-4BCD-86D0-7FD5DD4531A9}.IOS|Any CPU.Build.0 = IOS|Any CPU
	EndGlobalSection
EndGlobal
