
Microsoft Visual Studio Solution File, Format Version 12.00
Project("{FAE04EC0-301F-11D3-BF4B-00C04F79EFBC}") = "TapCommon", "TapCommon.csproj", "{5AC5B3DE-7F56-4CB1-A301-E320F1D007AB}"
EndProject
Global
	GlobalSection(SolutionConfigurationPlatforms) = preSolution
		Debug|Any CPU = Debug|Any CPU
		Release|Any CPU = Release|Any CPU
	EndGlobalSection
	GlobalSection(ProjectConfigurationPlatforms) = postSolution
		{5AC5B3DE-7F56-4CB1-A301-E320F1D007AB}.Debug|Any CPU.ActiveCfg = Debug|Any CPU
		{5AC5B3DE-7F56-4CB1-A301-E320F1D007AB}.Debug|Any CPU.Build.0 = Debug|Any CPU
		{5AC5B3DE-7F56-4CB1-A301-E320F1D007AB}.Release|Any CPU.ActiveCfg = Release|Any CPU
		{5AC5B3DE-7F56-4CB1-A301-E320F1D007AB}.Release|Any CPU.Build.0 = Release|Any CPU
	EndGlobalSection
EndGlobal
