
Microsoft Visual Studio Solution File, Format Version 12.00
Project("{FAE04EC0-301F-11D3-BF4B-00C04F79EFBC}") = "TapCommonSDK", "TapCommonSDK\TapCommonSDK.csproj", "{E3CD73B7-6F04-4FFE-BC98-3879BFA0861D}"
EndProject
Project("{FAE04EC0-301F-11D3-BF4B-00C04F79EFBC}") = "TapDBSDK", "TapDBSDK\TapDBSDK.csproj", "{85375EF0-9E06-447F-BF91-80433DDC47B7}"
EndProject
Project("{FAE04EC0-301F-11D3-BF4B-00C04F79EFBC}") = "TapLicense", "TapLicense\TapLicense.csproj", "{13905E6F-A386-49FD-8A8C-03CCCB8EE2B0}"
EndProject
Project("{FAE04EC0-301F-11D3-BF4B-00C04F79EFBC}") = "TapLoginSDK", "TapLoginSDK\TapLoginSDK.csproj", "{D8F4A06F-5DC8-4855-801D-277B8882526D}"
EndProject
Project("{FAE04EC0-301F-11D3-BF4B-00C04F79EFBC}") = "TapMomentSDK", "TapMomentSDK\TapMomentSDK.csproj", "{F6559DAD-7CC9-45DE-B271-559E0FA6883F}"
EndProject
Project("{FAE04EC0-301F-11D3-BF4B-00C04F79EFBC}") = "TapAchievementSDK", "TapAchievementSDK\TapAchievementSDK.csproj", "{AB074E9A-E861-4860-B2DE-24069870FE83}"
EndProject
Project("{FAE04EC0-301F-11D3-BF4B-00C04F79EFBC}") = "TapBootstrapSDK", "TapBootstrapSDK\TapBootstrapSDK\TapBootstrapSDK.csproj", "{7EBD3EBF-F51D-4931-8800-1DA76FEB1FFD}"
EndProject
Project("{FAE04EC0-301F-11D3-BF4B-00C04F79EFBC}") = "TapBootstrapTest", "TapBootstrapSDK\TapBootstrapSDK.Test\TapBootstrapTest.csproj", "{07C84B57-0300-489A-8F86-495A503A9A5D}"
EndProject
Project("{FAE04EC0-301F-11D3-BF4B-00C04F79EFBC}") = "TapSupport", "TapSupport\TapSupport\TapSupport.csproj", "{999D159E-F700-43A0-9193-E7AE616EF1AC}"
EndProject
Project("{FAE04EC0-301F-11D3-BF4B-00C04F79EFBC}") = "TapSupportTest", "TapSupport\TapSupportTest\TapSupportTest.csproj", "{454F141C-79E7-479D-B45A-2AF6C8CA1F49}"
EndProject
Global
	GlobalSection(SolutionConfigurationPlatforms) = preSolution
		Debug|Any CPU = Debug|Any CPU
		Release|Any CPU = Release|Any CPU
		IOS|Any CPU = IOS|Any CPU
		ANDROID|Any CPU = ANDROID|Any CPU
	EndGlobalSection
	GlobalSection(ProjectConfigurationPlatforms) = postSolution
		{E3CD73B7-6F04-4FFE-BC98-3879BFA0861D}.Debug|Any CPU.ActiveCfg = Debug|Any CPU
		{E3CD73B7-6F04-4FFE-BC98-3879BFA0861D}.Debug|Any CPU.Build.0 = Debug|Any CPU
		{E3CD73B7-6F04-4FFE-BC98-3879BFA0861D}.Release|Any CPU.ActiveCfg = Release|Any CPU
		{E3CD73B7-6F04-4FFE-BC98-3879BFA0861D}.Release|Any CPU.Build.0 = Release|Any CPU
		{E3CD73B7-6F04-4FFE-BC98-3879BFA0861D}.IOS|Any CPU.ActiveCfg = IOS|Any CPU
		{E3CD73B7-6F04-4FFE-BC98-3879BFA0861D}.IOS|Any CPU.Build.0 = IOS|Any CPU
		{E3CD73B7-6F04-4FFE-BC98-3879BFA0861D}.ANDROID|Any CPU.ActiveCfg = Debug|Any CPU
		{E3CD73B7-6F04-4FFE-BC98-3879BFA0861D}.ANDROID|Any CPU.Build.0 = Debug|Any CPU
		{85375EF0-9E06-447F-BF91-80433DDC47B7}.Debug|Any CPU.ActiveCfg = Debug|Any CPU
		{85375EF0-9E06-447F-BF91-80433DDC47B7}.Debug|Any CPU.Build.0 = Debug|Any CPU
		{85375EF0-9E06-447F-BF91-80433DDC47B7}.Release|Any CPU.ActiveCfg = Release|Any CPU
		{85375EF0-9E06-447F-BF91-80433DDC47B7}.Release|Any CPU.Build.0 = Release|Any CPU
		{85375EF0-9E06-447F-BF91-80433DDC47B7}.IOS|Any CPU.ActiveCfg = IOS|Any CPU
		{85375EF0-9E06-447F-BF91-80433DDC47B7}.IOS|Any CPU.Build.0 = IOS|Any CPU
		{85375EF0-9E06-447F-BF91-80433DDC47B7}.ANDROID|Any CPU.ActiveCfg = Debug|Any CPU
		{85375EF0-9E06-447F-BF91-80433DDC47B7}.ANDROID|Any CPU.Build.0 = Debug|Any CPU
		{13905E6F-A386-49FD-8A8C-03CCCB8EE2B0}.Debug|Any CPU.ActiveCfg = Debug|Any CPU
		{13905E6F-A386-49FD-8A8C-03CCCB8EE2B0}.Debug|Any CPU.Build.0 = Debug|Any CPU
		{13905E6F-A386-49FD-8A8C-03CCCB8EE2B0}.Release|Any CPU.ActiveCfg = Release|Any CPU
		{13905E6F-A386-49FD-8A8C-03CCCB8EE2B0}.Release|Any CPU.Build.0 = Release|Any CPU
		{13905E6F-A386-49FD-8A8C-03CCCB8EE2B0}.IOS|Any CPU.ActiveCfg = Debug|Any CPU
		{13905E6F-A386-49FD-8A8C-03CCCB8EE2B0}.IOS|Any CPU.Build.0 = Debug|Any CPU
		{13905E6F-A386-49FD-8A8C-03CCCB8EE2B0}.ANDROID|Any CPU.ActiveCfg = Debug|Any CPU
		{13905E6F-A386-49FD-8A8C-03CCCB8EE2B0}.ANDROID|Any CPU.Build.0 = Debug|Any CPU
		{D8F4A06F-5DC8-4855-801D-277B8882526D}.Debug|Any CPU.ActiveCfg = Debug|Any CPU
		{D8F4A06F-5DC8-4855-801D-277B8882526D}.Debug|Any CPU.Build.0 = Debug|Any CPU
		{D8F4A06F-5DC8-4855-801D-277B8882526D}.Release|Any CPU.ActiveCfg = Release|Any CPU
		{D8F4A06F-5DC8-4855-801D-277B8882526D}.Release|Any CPU.Build.0 = Release|Any CPU
		{D8F4A06F-5DC8-4855-801D-277B8882526D}.IOS|Any CPU.ActiveCfg = Debug|Any CPU
		{D8F4A06F-5DC8-4855-801D-277B8882526D}.IOS|Any CPU.Build.0 = Debug|Any CPU
		{D8F4A06F-5DC8-4855-801D-277B8882526D}.ANDROID|Any CPU.ActiveCfg = Debug|Any CPU
		{D8F4A06F-5DC8-4855-801D-277B8882526D}.ANDROID|Any CPU.Build.0 = Debug|Any CPU
		{F6559DAD-7CC9-45DE-B271-559E0FA6883F}.Debug|Any CPU.ActiveCfg = Debug|Any CPU
		{F6559DAD-7CC9-45DE-B271-559E0FA6883F}.Debug|Any CPU.Build.0 = Debug|Any CPU
		{F6559DAD-7CC9-45DE-B271-559E0FA6883F}.Release|Any CPU.ActiveCfg = Release|Any CPU
		{F6559DAD-7CC9-45DE-B271-559E0FA6883F}.Release|Any CPU.Build.0 = Release|Any CPU
		{F6559DAD-7CC9-45DE-B271-559E0FA6883F}.IOS|Any CPU.ActiveCfg = Debug|Any CPU
		{F6559DAD-7CC9-45DE-B271-559E0FA6883F}.IOS|Any CPU.Build.0 = Debug|Any CPU
		{F6559DAD-7CC9-45DE-B271-559E0FA6883F}.ANDROID|Any CPU.ActiveCfg = Debug|Any CPU
		{F6559DAD-7CC9-45DE-B271-559E0FA6883F}.ANDROID|Any CPU.Build.0 = Debug|Any CPU
		{AB074E9A-E861-4860-B2DE-24069870FE83}.Debug|Any CPU.ActiveCfg = Debug|Any CPU
		{AB074E9A-E861-4860-B2DE-24069870FE83}.Debug|Any CPU.Build.0 = Debug|Any CPU
		{AB074E9A-E861-4860-B2DE-24069870FE83}.Release|Any CPU.ActiveCfg = Release|Any CPU
		{AB074E9A-E861-4860-B2DE-24069870FE83}.Release|Any CPU.Build.0 = Release|Any CPU
		{AB074E9A-E861-4860-B2DE-24069870FE83}.IOS|Any CPU.ActiveCfg = Debug|Any CPU
		{AB074E9A-E861-4860-B2DE-24069870FE83}.IOS|Any CPU.Build.0 = Debug|Any CPU
		{AB074E9A-E861-4860-B2DE-24069870FE83}.ANDROID|Any CPU.ActiveCfg = Debug|Any CPU
		{AB074E9A-E861-4860-B2DE-24069870FE83}.ANDROID|Any CPU.Build.0 = Debug|Any CPU
		{7EBD3EBF-F51D-4931-8800-1DA76FEB1FFD}.Debug|Any CPU.ActiveCfg = Debug|Any CPU
		{7EBD3EBF-F51D-4931-8800-1DA76FEB1FFD}.Debug|Any CPU.Build.0 = Debug|Any CPU
		{7EBD3EBF-F51D-4931-8800-1DA76FEB1FFD}.Release|Any CPU.ActiveCfg = Release|Any CPU
		{7EBD3EBF-F51D-4931-8800-1DA76FEB1FFD}.Release|Any CPU.Build.0 = Release|Any CPU
		{7EBD3EBF-F51D-4931-8800-1DA76FEB1FFD}.IOS|Any CPU.ActiveCfg = Debug|Any CPU
		{7EBD3EBF-F51D-4931-8800-1DA76FEB1FFD}.IOS|Any CPU.Build.0 = Debug|Any CPU
		{7EBD3EBF-F51D-4931-8800-1DA76FEB1FFD}.ANDROID|Any CPU.ActiveCfg = Debug|Any CPU
		{7EBD3EBF-F51D-4931-8800-1DA76FEB1FFD}.ANDROID|Any CPU.Build.0 = Debug|Any CPU
		{07C84B57-0300-489A-8F86-495A503A9A5D}.Debug|Any CPU.ActiveCfg = Debug|Any CPU
		{07C84B57-0300-489A-8F86-495A503A9A5D}.Debug|Any CPU.Build.0 = Debug|Any CPU
		{07C84B57-0300-489A-8F86-495A503A9A5D}.Release|Any CPU.ActiveCfg = Release|Any CPU
		{07C84B57-0300-489A-8F86-495A503A9A5D}.Release|Any CPU.Build.0 = Release|Any CPU
		{07C84B57-0300-489A-8F86-495A503A9A5D}.IOS|Any CPU.ActiveCfg = Debug|Any CPU
		{07C84B57-0300-489A-8F86-495A503A9A5D}.IOS|Any CPU.Build.0 = Debug|Any CPU
		{07C84B57-0300-489A-8F86-495A503A9A5D}.ANDROID|Any CPU.ActiveCfg = Debug|Any CPU
		{07C84B57-0300-489A-8F86-495A503A9A5D}.ANDROID|Any CPU.Build.0 = Debug|Any CPU
		{999D159E-F700-43A0-9193-E7AE616EF1AC}.Debug|Any CPU.ActiveCfg = Debug|Any CPU
		{999D159E-F700-43A0-9193-E7AE616EF1AC}.Debug|Any CPU.Build.0 = Debug|Any CPU
		{999D159E-F700-43A0-9193-E7AE616EF1AC}.Release|Any CPU.ActiveCfg = Release|Any CPU
		{999D159E-F700-43A0-9193-E7AE616EF1AC}.Release|Any CPU.Build.0 = Release|Any CPU
		{999D159E-F700-43A0-9193-E7AE616EF1AC}.IOS|Any CPU.ActiveCfg = Debug|Any CPU
		{999D159E-F700-43A0-9193-E7AE616EF1AC}.IOS|Any CPU.Build.0 = Debug|Any CPU
		{999D159E-F700-43A0-9193-E7AE616EF1AC}.ANDROID|Any CPU.ActiveCfg = Debug|Any CPU
		{999D159E-F700-43A0-9193-E7AE616EF1AC}.ANDROID|Any CPU.Build.0 = Debug|Any CPU
		{454F141C-79E7-479D-B45A-2AF6C8CA1F49}.Debug|Any CPU.ActiveCfg = Debug|Any CPU
		{454F141C-79E7-479D-B45A-2AF6C8CA1F49}.Debug|Any CPU.Build.0 = Debug|Any CPU
		{454F141C-79E7-479D-B45A-2AF6C8CA1F49}.Release|Any CPU.ActiveCfg = Release|Any CPU
		{454F141C-79E7-479D-B45A-2AF6C8CA1F49}.Release|Any CPU.Build.0 = Release|Any CPU
		{454F141C-79E7-479D-B45A-2AF6C8CA1F49}.IOS|Any CPU.ActiveCfg = Debug|Any CPU
		{454F141C-79E7-479D-B45A-2AF6C8CA1F49}.IOS|Any CPU.Build.0 = Debug|Any CPU
		{454F141C-79E7-479D-B45A-2AF6C8CA1F49}.ANDROID|Any CPU.ActiveCfg = Debug|Any CPU
		{454F141C-79E7-479D-B45A-2AF6C8CA1F49}.ANDROID|Any CPU.Build.0 = Debug|Any CPU
	EndGlobalSection
EndGlobal
