
Microsoft Visual Studio Solution File, Format Version 12.00
Project("{FAE04EC0-301F-11D3-BF4B-00C04F79EFBC}") = "TapDBSDK", "TapDBSDK.csproj", "{6F837534-9AEE-4A60-BA8B-4715C9967780}"
EndProject
Global
	GlobalSection(SolutionConfigurationPlatforms) = preSolution
		Debug|Any CPU = Debug|Any CPU
		Release|Any CPU = Release|Any CPU
		IOS|Any CPU = IOS|Any CPU
	EndGlobalSection
	GlobalSection(ProjectConfigurationPlatforms) = postSolution
		{6F837534-9AEE-4A60-BA8B-4715C9967780}.Debug|Any CPU.ActiveCfg = Debug|Any CPU
		{6F837534-9AEE-4A60-BA8B-4715C9967780}.Debug|Any CPU.Build.0 = Debug|Any CPU
		{6F837534-9AEE-4A60-BA8B-4715C9967780}.Release|Any CPU.ActiveCfg = Release|Any CPU
		{6F837534-9AEE-4A60-BA8B-4715C9967780}.Release|Any CPU.Build.0 = Release|Any CPU
		{6F837534-9AEE-4A60-BA8B-4715C9967780}.IOS|Any CPU.ActiveCfg = IOS|Any CPU
		{6F837534-9AEE-4A60-BA8B-4715C9967780}.IOS|Any CPU.Build.0 = IOS|Any CPU
	EndGlobalSection
EndGlobal
